
Microsoft Visual Studio Solution File, Format Version 12.00
# Visual Studio 2012
Project("{8BC9CEB8-8B4A-11D0-8D11-00A0C91BC942}") = "Ex1_01", "Ex1_01\Ex1_01.vcxproj", "{2E0BD264-8C64-4548-8E3A-066D7ABF0E10}"
EndProject
Project("{2150E333-8FDC-42A3-9474-1A3956D46DE8}") = "Chapter_1", "Chapter_1", "{0E90B3C2-F707-4A8B-9A8A-F9F43693F487}"
EndProject
Project("{8BC9CEB8-8B4A-11D0-8D11-00A0C91BC942}") = "Ex1_02", "Ex1_02\Ex1_02.vcxproj", "{529C5BE5-3A46-40D9-95FF-D2E41188DD53}"
EndProject
Project("{8BC9CEB8-8B4A-11D0-8D11-00A0C91BC942}") = "Ex1_03", "Ex1_03\Ex1_03.vcxproj", "{E5D5F4EF-BFE2-441A-BF79-68A43B7BF71E}"
EndProject
Project("{8BC9CEB8-8B4A-11D0-8D11-00A0C91BC942}") = "Ex1_04", "Ex1_04\Ex1_04.vcxproj", "{8E62170D-728A-4209-B08B-04DB2F9C664D}"
EndProject
Project("{8BC9CEB8-8B4A-11D0-8D11-00A0C91BC942}") = "Ex1_05", "Ex1_05\Ex1_05.vcxproj", "{A8B7E510-577D-4546-ADF4-2136CF7130D0}"
EndProject
Project("{2150E333-8FDC-42A3-9474-1A3956D46DE8}") = "Chapter_2", "Chapter_2", "{01F0B47A-57A9-4907-9BEF-7E2D03A30C16}"
EndProject
Project("{8BC9CEB8-8B4A-11D0-8D11-00A0C91BC942}") = "Ex2_01", "Ex2_01\Ex2_01.vcxproj", "{E381A8E3-3B2B-43FD-BB4C-476F0084675E}"
EndProject
Project("{8BC9CEB8-8B4A-11D0-8D11-00A0C91BC942}") = "Ex2_01A", "Ex2_01A\Ex2_01A.vcxproj", "{09FA82E9-310B-4824-B905-D112CC68B042}"
EndProject
Project("{8BC9CEB8-8B4A-11D0-8D11-00A0C91BC942}") = "Ex2_02", "Ex2_02\Ex2_02.vcxproj", "{2F57A713-99C3-400A-B0C4-460F1B21EB56}"
EndProject
Project("{8BC9CEB8-8B4A-11D0-8D11-00A0C91BC942}") = "Ex2_03", "Ex2_03\Ex2_03.vcxproj", "{D4B70B78-D35E-4606-81D1-1CB4EA442996}"
EndProject
Project("{8BC9CEB8-8B4A-11D0-8D11-00A0C91BC942}") = "Ex2_04", "Ex2_04\Ex2_04.vcxproj", "{89ACC00F-59F5-4FE7-B0ED-2402B4F982B5}"
EndProject
Project("{8BC9CEB8-8B4A-11D0-8D11-00A0C91BC942}") = "Ex2_05", "Ex2_05\Ex2_05.vcxproj", "{D94BC2AE-58B7-45D1-BDCF-8FE0D15B5AEE}"
EndProject
Project("{8BC9CEB8-8B4A-11D0-8D11-00A0C91BC942}") = "Ex2_06", "Ex2_06\Ex2_06.vcxproj", "{80FF13D4-802F-4E83-A48D-6EB1F013154B}"
EndProject
Project("{8BC9CEB8-8B4A-11D0-8D11-00A0C91BC942}") = "Ex2_07", "Ex2_07\Ex2_07.vcxproj", "{FE2937A5-A8B8-44D5-8657-BFD174C3188A}"
EndProject
Project("{8BC9CEB8-8B4A-11D0-8D11-00A0C91BC942}") = "Ex2_08", "Ex2_08\Ex2_08.vcxproj", "{B194EB2A-7EDD-4015-9E28-FCE2FB36924A}"
EndProject
Project("{8BC9CEB8-8B4A-11D0-8D11-00A0C91BC942}") = "Ex2_09", "Ex2_09\Ex2_09.vcxproj", "{4DC7BB29-9D93-4CFC-9AED-593971E03657}"
EndProject
Project("{8BC9CEB8-8B4A-11D0-8D11-00A0C91BC942}") = "Ex2_10", "Ex2_10\Ex2_10.vcxproj", "{E7097BA1-20B1-484D-A028-15EFE6D782C5}"
EndProject
Global
	GlobalSection(SolutionConfigurationPlatforms) = preSolution
		Debug|Win32 = Debug|Win32
		Release|Win32 = Release|Win32
	EndGlobalSection
	GlobalSection(ProjectConfigurationPlatforms) = postSolution
		{09FA82E9-310B-4824-B905-D112CC68B042}.Debug|Win32.ActiveCfg = Debug|Win32
		{09FA82E9-310B-4824-B905-D112CC68B042}.Debug|Win32.Build.0 = Debug|Win32
		{09FA82E9-310B-4824-B905-D112CC68B042}.Release|Win32.ActiveCfg = Release|Win32
		{09FA82E9-310B-4824-B905-D112CC68B042}.Release|Win32.Build.0 = Release|Win32
		{2E0BD264-8C64-4548-8E3A-066D7ABF0E10}.Debug|Win32.ActiveCfg = Debug|Win32
		{2E0BD264-8C64-4548-8E3A-066D7ABF0E10}.Debug|Win32.Build.0 = Debug|Win32
		{2E0BD264-8C64-4548-8E3A-066D7ABF0E10}.Release|Win32.ActiveCfg = Release|Win32
		{2E0BD264-8C64-4548-8E3A-066D7ABF0E10}.Release|Win32.Build.0 = Release|Win32
		{2F57A713-99C3-400A-B0C4-460F1B21EB56}.Debug|Win32.ActiveCfg = Debug|Win32
		{2F57A713-99C3-400A-B0C4-460F1B21EB56}.Debug|Win32.Build.0 = Debug|Win32
		{2F57A713-99C3-400A-B0C4-460F1B21EB56}.Release|Win32.ActiveCfg = Release|Win32
		{2F57A713-99C3-400A-B0C4-460F1B21EB56}.Release|Win32.Build.0 = Release|Win32
		{4DC7BB29-9D93-4CFC-9AED-593971E03657}.Debug|Win32.ActiveCfg = Debug|Win32
		{4DC7BB29-9D93-4CFC-9AED-593971E03657}.Debug|Win32.Build.0 = Debug|Win32
		{4DC7BB29-9D93-4CFC-9AED-593971E03657}.Release|Win32.ActiveCfg = Release|Win32
		{4DC7BB29-9D93-4CFC-9AED-593971E03657}.Release|Win32.Build.0 = Release|Win32
		{529C5BE5-3A46-40D9-95FF-D2E41188DD53}.Debug|Win32.ActiveCfg = Debug|Win32
		{529C5BE5-3A46-40D9-95FF-D2E41188DD53}.Debug|Win32.Build.0 = Debug|Win32
		{529C5BE5-3A46-40D9-95FF-D2E41188DD53}.Release|Win32.ActiveCfg = Release|Win32
		{529C5BE5-3A46-40D9-95FF-D2E41188DD53}.Release|Win32.Build.0 = Release|Win32
		{80FF13D4-802F-4E83-A48D-6EB1F013154B}.Debug|Win32.ActiveCfg = Debug|Win32
		{80FF13D4-802F-4E83-A48D-6EB1F013154B}.Debug|Win32.Build.0 = Debug|Win32
		{80FF13D4-802F-4E83-A48D-6EB1F013154B}.Release|Win32.ActiveCfg = Release|Win32
		{80FF13D4-802F-4E83-A48D-6EB1F013154B}.Release|Win32.Build.0 = Release|Win32
		{89ACC00F-59F5-4FE7-B0ED-2402B4F982B5}.Debug|Win32.ActiveCfg = Debug|Win32
		{89ACC00F-59F5-4FE7-B0ED-2402B4F982B5}.Debug|Win32.Build.0 = Debug|Win32
		{89ACC00F-59F5-4FE7-B0ED-2402B4F982B5}.Release|Win32.ActiveCfg = Release|Win32
		{89ACC00F-59F5-4FE7-B0ED-2402B4F982B5}.Release|Win32.Build.0 = Release|Win32
		{8E62170D-728A-4209-B08B-04DB2F9C664D}.Debug|Win32.ActiveCfg = Debug|Win32
		{8E62170D-728A-4209-B08B-04DB2F9C664D}.Debug|Win32.Build.0 = Debug|Win32
		{8E62170D-728A-4209-B08B-04DB2F9C664D}.Release|Win32.ActiveCfg = Release|Win32
		{8E62170D-728A-4209-B08B-04DB2F9C664D}.Release|Win32.Build.0 = Release|Win32
		{A8B7E510-577D-4546-ADF4-2136CF7130D0}.Debug|Win32.ActiveCfg = Debug|Win32
		{A8B7E510-577D-4546-ADF4-2136CF7130D0}.Debug|Win32.Build.0 = Debug|Win32
		{A8B7E510-577D-4546-ADF4-2136CF7130D0}.Release|Win32.ActiveCfg = Release|Win32
		{A8B7E510-577D-4546-ADF4-2136CF7130D0}.Release|Win32.Build.0 = Release|Win32
		{B194EB2A-7EDD-4015-9E28-FCE2FB36924A}.Debug|Win32.ActiveCfg = Debug|Win32
		{B194EB2A-7EDD-4015-9E28-FCE2FB36924A}.Debug|Win32.Build.0 = Debug|Win32
		{B194EB2A-7EDD-4015-9E28-FCE2FB36924A}.Release|Win32.ActiveCfg = Release|Win32
		{B194EB2A-7EDD-4015-9E28-FCE2FB36924A}.Release|Win32.Build.0 = Release|Win32
		{D4B70B78-D35E-4606-81D1-1CB4EA442996}.Debug|Win32.ActiveCfg = Debug|Win32
		{D4B70B78-D35E-4606-81D1-1CB4EA442996}.Debug|Win32.Build.0 = Debug|Win32
		{D4B70B78-D35E-4606-81D1-1CB4EA442996}.Release|Win32.ActiveCfg = Release|Win32
		{D4B70B78-D35E-4606-81D1-1CB4EA442996}.Release|Win32.Build.0 = Release|Win32
		{D94BC2AE-58B7-45D1-BDCF-8FE0D15B5AEE}.Debug|Win32.ActiveCfg = Debug|Win32
		{D94BC2AE-58B7-45D1-BDCF-8FE0D15B5AEE}.Debug|Win32.Build.0 = Debug|Win32
		{D94BC2AE-58B7-45D1-BDCF-8FE0D15B5AEE}.Release|Win32.ActiveCfg = Release|Win32
		{D94BC2AE-58B7-45D1-BDCF-8FE0D15B5AEE}.Release|Win32.Build.0 = Release|Win32
		{E381A8E3-3B2B-43FD-BB4C-476F0084675E}.Debug|Win32.ActiveCfg = Debug|Win32
		{E381A8E3-3B2B-43FD-BB4C-476F0084675E}.Debug|Win32.Build.0 = Debug|Win32
		{E381A8E3-3B2B-43FD-BB4C-476F0084675E}.Release|Win32.ActiveCfg = Release|Win32
		{E381A8E3-3B2B-43FD-BB4C-476F0084675E}.Release|Win32.Build.0 = Release|Win32
		{E5D5F4EF-BFE2-441A-BF79-68A43B7BF71E}.Debug|Win32.ActiveCfg = Debug|Win32
		{E5D5F4EF-BFE2-441A-BF79-68A43B7BF71E}.Debug|Win32.Build.0 = Debug|Win32
		{E5D5F4EF-BFE2-441A-BF79-68A43B7BF71E}.Release|Win32.ActiveCfg = Release|Win32
		{E5D5F4EF-BFE2-441A-BF79-68A43B7BF71E}.Release|Win32.Build.0 = Release|Win32
		{E7097BA1-20B1-484D-A028-15EFE6D782C5}.Debug|Win32.ActiveCfg = Debug|Win32
		{E7097BA1-20B1-484D-A028-15EFE6D782C5}.Debug|Win32.Build.0 = Debug|Win32
		{E7097BA1-20B1-484D-A028-15EFE6D782C5}.Release|Win32.ActiveCfg = Release|Win32
		{E7097BA1-20B1-484D-A028-15EFE6D782C5}.Release|Win32.Build.0 = Release|Win32
		{FE2937A5-A8B8-44D5-8657-BFD174C3188A}.Debug|Win32.ActiveCfg = Debug|Win32
		{FE2937A5-A8B8-44D5-8657-BFD174C3188A}.Debug|Win32.Build.0 = Debug|Win32
		{FE2937A5-A8B8-44D5-8657-BFD174C3188A}.Release|Win32.ActiveCfg = Release|Win32
		{FE2937A5-A8B8-44D5-8657-BFD174C3188A}.Release|Win32.Build.0 = Release|Win32
	EndGlobalSection
	GlobalSection(SolutionProperties) = preSolution
		HideSolutionNode = FALSE
	EndGlobalSection
	GlobalSection(NestedProjects) = preSolution
		{09FA82E9-310B-4824-B905-D112CC68B042} = {01F0B47A-57A9-4907-9BEF-7E2D03A30C16}
		{2E0BD264-8C64-4548-8E3A-066D7ABF0E10} = {0E90B3C2-F707-4A8B-9A8A-F9F43693F487}
		{2F57A713-99C3-400A-B0C4-460F1B21EB56} = {01F0B47A-57A9-4907-9BEF-7E2D03A30C16}
		{4DC7BB29-9D93-4CFC-9AED-593971E03657} = {01F0B47A-57A9-4907-9BEF-7E2D03A30C16}
		{529C5BE5-3A46-40D9-95FF-D2E41188DD53} = {0E90B3C2-F707-4A8B-9A8A-F9F43693F487}
		{80FF13D4-802F-4E83-A48D-6EB1F013154B} = {01F0B47A-57A9-4907-9BEF-7E2D03A30C16}
		{89ACC00F-59F5-4FE7-B0ED-2402B4F982B5} = {01F0B47A-57A9-4907-9BEF-7E2D03A30C16}
		{8E62170D-728A-4209-B08B-04DB2F9C664D} = {0E90B3C2-F707-4A8B-9A8A-F9F43693F487}
		{A8B7E510-577D-4546-ADF4-2136CF7130D0} = {0E90B3C2-F707-4A8B-9A8A-F9F43693F487}
		{B194EB2A-7EDD-4015-9E28-FCE2FB36924A} = {01F0B47A-57A9-4907-9BEF-7E2D03A30C16}
		{D4B70B78-D35E-4606-81D1-1CB4EA442996} = {01F0B47A-57A9-4907-9BEF-7E2D03A30C16}
		{D94BC2AE-58B7-45D1-BDCF-8FE0D15B5AEE} = {01F0B47A-57A9-4907-9BEF-7E2D03A30C16}
		{E381A8E3-3B2B-43FD-BB4C-476F0084675E} = {01F0B47A-57A9-4907-9BEF-7E2D03A30C16}
		{E5D5F4EF-BFE2-441A-BF79-68A43B7BF71E} = {0E90B3C2-F707-4A8B-9A8A-F9F43693F487}
		{E7097BA1-20B1-484D-A028-15EFE6D782C5} = {01F0B47A-57A9-4907-9BEF-7E2D03A30C16}
		{FE2937A5-A8B8-44D5-8657-BFD174C3188A} = {01F0B47A-57A9-4907-9BEF-7E2D03A30C16}
	EndGlobalSection
EndGlobal
