
Microsoft Visual Studio Solution File, Format Version 11.00
# Visual Studio 2010
Project("{8BC9CEB8-8B4A-11D0-8D11-00A0C91BC942}") = "Ex1_01", "Ex1_01\Ex1_01.vcxproj", "{2E0BD264-8C64-4548-8E3A-066D7ABF0E10}"
EndProject
Project("{2150E333-8FDC-42A3-9474-1A3956D46DE8}") = "Chapter_1", "Chapter_1", "{0E90B3C2-F707-4A8B-9A8A-F9F43693F487}"
EndProject
Project("{8BC9CEB8-8B4A-11D0-8D11-00A0C91BC942}") = "Ex1_02", "Ex1_02\Ex1_02.vcxproj", "{529C5BE5-3A46-40D9-95FF-D2E41188DD53}"
EndProject
Project("{8BC9CEB8-8B4A-11D0-8D11-00A0C91BC942}") = "Ex1_03", "Ex1_03\Ex1_03.vcxproj", "{E5D5F4EF-BFE2-441A-BF79-68A43B7BF71E}"
EndProject
Project("{8BC9CEB8-8B4A-11D0-8D11-00A0C91BC942}") = "Ex1_04", "Ex1_04\Ex1_04.vcxproj", "{8E62170D-728A-4209-B08B-04DB2F9C664D}"
EndProject
Project("{8BC9CEB8-8B4A-11D0-8D11-00A0C91BC942}") = "Ex1_05", "Ex1_05\Ex1_05.vcxproj", "{A8B7E510-577D-4546-ADF4-2136CF7130D0}"
EndProject
Global
	GlobalSection(SolutionConfigurationPlatforms) = preSolution
		Debug|Win32 = Debug|Win32
		Release|Win32 = Release|Win32
	EndGlobalSection
	GlobalSection(ProjectConfigurationPlatforms) = postSolution
		{2E0BD264-8C64-4548-8E3A-066D7ABF0E10}.Debug|Win32.ActiveCfg = Debug|Win32
		{2E0BD264-8C64-4548-8E3A-066D7ABF0E10}.Debug|Win32.Build.0 = Debug|Win32
		{2E0BD264-8C64-4548-8E3A-066D7ABF0E10}.Release|Win32.ActiveCfg = Release|Win32
		{2E0BD264-8C64-4548-8E3A-066D7ABF0E10}.Release|Win32.Build.0 = Release|Win32
		{529C5BE5-3A46-40D9-95FF-D2E41188DD53}.Debug|Win32.ActiveCfg = Debug|Win32
		{529C5BE5-3A46-40D9-95FF-D2E41188DD53}.Debug|Win32.Build.0 = Debug|Win32
		{529C5BE5-3A46-40D9-95FF-D2E41188DD53}.Release|Win32.ActiveCfg = Release|Win32
		{529C5BE5-3A46-40D9-95FF-D2E41188DD53}.Release|Win32.Build.0 = Release|Win32
		{E5D5F4EF-BFE2-441A-BF79-68A43B7BF71E}.Debug|Win32.ActiveCfg = Debug|Win32
		{E5D5F4EF-BFE2-441A-BF79-68A43B7BF71E}.Debug|Win32.Build.0 = Debug|Win32
		{E5D5F4EF-BFE2-441A-BF79-68A43B7BF71E}.Release|Win32.ActiveCfg = Release|Win32
		{E5D5F4EF-BFE2-441A-BF79-68A43B7BF71E}.Release|Win32.Build.0 = Release|Win32
		{8E62170D-728A-4209-B08B-04DB2F9C664D}.Debug|Win32.ActiveCfg = Debug|Win32
		{8E62170D-728A-4209-B08B-04DB2F9C664D}.Debug|Win32.Build.0 = Debug|Win32
		{8E62170D-728A-4209-B08B-04DB2F9C664D}.Release|Win32.ActiveCfg = Release|Win32
		{8E62170D-728A-4209-B08B-04DB2F9C664D}.Release|Win32.Build.0 = Release|Win32
		{A8B7E510-577D-4546-ADF4-2136CF7130D0}.Debug|Win32.ActiveCfg = Debug|Win32
		{A8B7E510-577D-4546-ADF4-2136CF7130D0}.Debug|Win32.Build.0 = Debug|Win32
		{A8B7E510-577D-4546-ADF4-2136CF7130D0}.Release|Win32.ActiveCfg = Release|Win32
		{A8B7E510-577D-4546-ADF4-2136CF7130D0}.Release|Win32.Build.0 = Release|Win32
	EndGlobalSection
	GlobalSection(SolutionProperties) = preSolution
		HideSolutionNode = FALSE
	EndGlobalSection
	GlobalSection(NestedProjects) = preSolution
		{2E0BD264-8C64-4548-8E3A-066D7ABF0E10} = {0E90B3C2-F707-4A8B-9A8A-F9F43693F487}
		{529C5BE5-3A46-40D9-95FF-D2E41188DD53} = {0E90B3C2-F707-4A8B-9A8A-F9F43693F487}
		{E5D5F4EF-BFE2-441A-BF79-68A43B7BF71E} = {0E90B3C2-F707-4A8B-9A8A-F9F43693F487}
		{8E62170D-728A-4209-B08B-04DB2F9C664D} = {0E90B3C2-F707-4A8B-9A8A-F9F43693F487}
		{A8B7E510-577D-4546-ADF4-2136CF7130D0} = {0E90B3C2-F707-4A8B-9A8A-F9F43693F487}
	EndGlobalSection
EndGlobal
