
Microsoft Visual Studio Solution File, Format Version 12.00
# Visual Studio 2012
Project("{8BC9CEB8-8B4A-11D0-8D11-00A0C91BC942}") = "Ex1_01", "Ex1_01\Ex1_01.vcxproj", "{2E0BD264-8C64-4548-8E3A-066D7ABF0E10}"
EndProject
Project("{2150E333-8FDC-42A3-9474-1A3956D46DE8}") = "Chapter_1", "Chapter_1", "{0E90B3C2-F707-4A8B-9A8A-F9F43693F487}"
EndProject
Project("{8BC9CEB8-8B4A-11D0-8D11-00A0C91BC942}") = "Ex1_02", "Ex1_02\Ex1_02.vcxproj", "{529C5BE5-3A46-40D9-95FF-D2E41188DD53}"
EndProject
Project("{8BC9CEB8-8B4A-11D0-8D11-00A0C91BC942}") = "Ex1_03", "Ex1_03\Ex1_03.vcxproj", "{E5D5F4EF-BFE2-441A-BF79-68A43B7BF71E}"
EndProject
Project("{8BC9CEB8-8B4A-11D0-8D11-00A0C91BC942}") = "Ex1_04", "Ex1_04\Ex1_04.vcxproj", "{8E62170D-728A-4209-B08B-04DB2F9C664D}"
EndProject
Project("{8BC9CEB8-8B4A-11D0-8D11-00A0C91BC942}") = "Ex1_05", "Ex1_05\Ex1_05.vcxproj", "{A8B7E510-577D-4546-ADF4-2136CF7130D0}"
EndProject
Project("{2150E333-8FDC-42A3-9474-1A3956D46DE8}") = "Chapter_2", "Chapter_2", "{01F0B47A-57A9-4907-9BEF-7E2D03A30C16}"
EndProject
Project("{8BC9CEB8-8B4A-11D0-8D11-00A0C91BC942}") = "Ex2_01", "Ex2_01\Ex2_01.vcxproj", "{E381A8E3-3B2B-43FD-BB4C-476F0084675E}"
EndProject
Project("{8BC9CEB8-8B4A-11D0-8D11-00A0C91BC942}") = "Ex2_01A", "Ex2_01A\Ex2_01A.vcxproj", "{09FA82E9-310B-4824-B905-D112CC68B042}"
EndProject
Project("{8BC9CEB8-8B4A-11D0-8D11-00A0C91BC942}") = "Ex2_02", "Ex2_02\Ex2_02.vcxproj", "{2F57A713-99C3-400A-B0C4-460F1B21EB56}"
EndProject
Project("{8BC9CEB8-8B4A-11D0-8D11-00A0C91BC942}") = "Ex2_03", "Ex2_03\Ex2_03.vcxproj", "{D4B70B78-D35E-4606-81D1-1CB4EA442996}"
EndProject
Project("{8BC9CEB8-8B4A-11D0-8D11-00A0C91BC942}") = "Ex2_04", "Ex2_04\Ex2_04.vcxproj", "{89ACC00F-59F5-4FE7-B0ED-2402B4F982B5}"
EndProject
Project("{8BC9CEB8-8B4A-11D0-8D11-00A0C91BC942}") = "Ex2_05", "Ex2_05\Ex2_05.vcxproj", "{D94BC2AE-58B7-45D1-BDCF-8FE0D15B5AEE}"
EndProject
Project("{8BC9CEB8-8B4A-11D0-8D11-00A0C91BC942}") = "Ex2_06", "Ex2_06\Ex2_06.vcxproj", "{80FF13D4-802F-4E83-A48D-6EB1F013154B}"
EndProject
Project("{8BC9CEB8-8B4A-11D0-8D11-00A0C91BC942}") = "Ex2_07", "Ex2_07\Ex2_07.vcxproj", "{FE2937A5-A8B8-44D5-8657-BFD174C3188A}"
EndProject
Project("{8BC9CEB8-8B4A-11D0-8D11-00A0C91BC942}") = "Ex2_08", "Ex2_08\Ex2_08.vcxproj", "{B194EB2A-7EDD-4015-9E28-FCE2FB36924A}"
EndProject
Project("{8BC9CEB8-8B4A-11D0-8D11-00A0C91BC942}") = "Ex2_09", "Ex2_09\Ex2_09.vcxproj", "{4DC7BB29-9D93-4CFC-9AED-593971E03657}"
EndProject
Project("{8BC9CEB8-8B4A-11D0-8D11-00A0C91BC942}") = "Ex2_10", "Ex2_10\Ex2_10.vcxproj", "{E7097BA1-20B1-484D-A028-15EFE6D782C5}"
EndProject
Project("{8BC9CEB8-8B4A-11D0-8D11-00A0C91BC942}") = "Ex2_11", "Ex2_11\Ex2_11.vcxproj", "{622BA2F2-7866-4BE2-975C-B248282AAE6C}"
EndProject
Project("{8BC9CEB8-8B4A-11D0-8D11-00A0C91BC942}") = "Ex2_12", "Ex2_12\Ex2_12.vcxproj", "{69DB5FB2-0223-46AE-91E2-1BFFF0007557}"
EndProject
Project("{8BC9CEB8-8B4A-11D0-8D11-00A0C91BC942}") = "Ex2_13", "Ex2_13\Ex2_13.vcxproj", "{74913168-B7B5-4CAB-A490-66FA6D256AE2}"
EndProject
Project("{2150E333-8FDC-42A3-9474-1A3956D46DE8}") = "Chapter_3", "Chapter_3", "{04A1B8D1-FB25-41BD-AC05-7D29D2E54FAF}"
EndProject
Project("{8BC9CEB8-8B4A-11D0-8D11-00A0C91BC942}") = "Ex3_01", "Ex3_01\Ex3_01.vcxproj", "{2E177A47-8C9F-4D8E-8538-8C90B8B2D1CB}"
EndProject
Project("{8BC9CEB8-8B4A-11D0-8D11-00A0C91BC942}") = "Ex3_02", "Ex3_02\Ex3_02.vcxproj", "{BE5254E8-77D1-440C-BABB-8AC2821DB023}"
EndProject
Project("{8BC9CEB8-8B4A-11D0-8D11-00A0C91BC942}") = "Ex3_03", "Ex3_03\Ex3_03.vcxproj", "{FC1EF35F-E1E2-4660-A2F7-D86A4BA1702E}"
EndProject
Project("{8BC9CEB8-8B4A-11D0-8D11-00A0C91BC942}") = "Ex3_04", "Ex3_04\Ex3_04.vcxproj", "{A3BF5B62-6AEA-4D3F-BAD4-73869C74E79E}"
EndProject
Project("{8BC9CEB8-8B4A-11D0-8D11-00A0C91BC942}") = "Ex3_05", "Ex3_05\Ex3_05.vcxproj", "{1EC7B553-0257-4699-8B3F-DB0532B46A4E}"
EndProject
Project("{8BC9CEB8-8B4A-11D0-8D11-00A0C91BC942}") = "Ex3_06", "Ex3_06\Ex3_06.vcxproj", "{431A08D6-989C-4A5D-9EEA-F33417DBE4B6}"
EndProject
Project("{8BC9CEB8-8B4A-11D0-8D11-00A0C91BC942}") = "Ex3_07", "Ex3_07\Ex3_07.vcxproj", "{326E17AD-A8D1-4453-8B76-1E219B501931}"
EndProject
Project("{8BC9CEB8-8B4A-11D0-8D11-00A0C91BC942}") = "Ex3_08", "Ex3_08\Ex3_08.vcxproj", "{770914CF-093C-4582-B84F-F3341CDE0C6F}"
EndProject
Project("{8BC9CEB8-8B4A-11D0-8D11-00A0C91BC942}") = "Ex3_09", "Ex3_09\Ex3_09.vcxproj", "{B5C74A28-AC48-43F8-9A7C-7E34E33C033F}"
EndProject
Project("{8BC9CEB8-8B4A-11D0-8D11-00A0C91BC942}") = "Ex3_10", "Ex3_10\Ex3_10.vcxproj", "{A56BD299-ED98-4434-A75D-310F074DBB53}"
EndProject
Project("{8BC9CEB8-8B4A-11D0-8D11-00A0C91BC942}") = "Ex3_11", "Ex3_11\Ex3_11.vcxproj", "{1704D17F-D492-40E6-AD34-FF162E1CF753}"
EndProject
Project("{8BC9CEB8-8B4A-11D0-8D11-00A0C91BC942}") = "Ex3_12", "Ex3_12\Ex3_12.vcxproj", "{D191576E-E001-4954-B55D-3EB8B7E098CC}"
EndProject
Project("{8BC9CEB8-8B4A-11D0-8D11-00A0C91BC942}") = "Ex3_13", "Ex3_13\Ex3_13.vcxproj", "{75862EBD-1794-4675-9BB0-BAEDF81E3BD5}"
EndProject
Project("{8BC9CEB8-8B4A-11D0-8D11-00A0C91BC942}") = "Ex3_14", "Ex3_14\Ex3_14.vcxproj", "{204C9043-3CDE-422E-9E55-3D9EBF23789F}"
EndProject
Project("{8BC9CEB8-8B4A-11D0-8D11-00A0C91BC942}") = "Ex3_15", "Ex3_15\Ex3_15.vcxproj", "{E85996FA-6EB6-4AAD-8C6A-2562A85D9B17}"
EndProject
Project("{8BC9CEB8-8B4A-11D0-8D11-00A0C91BC942}") = "Ex3_16", "Ex3_16\Ex3_16.vcxproj", "{CF13EBC0-B37F-4F58-AE30-B695E537DFA7}"
EndProject
Project("{8BC9CEB8-8B4A-11D0-8D11-00A0C91BC942}") = "Ex3_17", "Ex3_17\Ex3_17.vcxproj", "{9A417A62-863B-4FD6-BBCC-CCC5341D584C}"
EndProject
Project("{2150E333-8FDC-42A3-9474-1A3956D46DE8}") = "Chapter_4", "Chapter_4", "{3E6A99B7-A829-4294-BDFD-B753DD366BCA}"
EndProject
Project("{8BC9CEB8-8B4A-11D0-8D11-00A0C91BC942}") = "Ex4_01", "Ex4_01\Ex4_01.vcxproj", "{99752166-56BE-45B4-B542-0B27B904CFC2}"
EndProject
Project("{8BC9CEB8-8B4A-11D0-8D11-00A0C91BC942}") = "Ex4_02", "Ex4_02\Ex4_02.vcxproj", "{033F9DCE-E558-47AB-AE1B-771133DFED03}"
EndProject
Project("{8BC9CEB8-8B4A-11D0-8D11-00A0C91BC942}") = "Ex4_03", "Ex4_03\Ex4_03.vcxproj", "{F39D1E71-06B7-4B6D-B8B4-319A3641BEA2}"
EndProject
Project("{8BC9CEB8-8B4A-11D0-8D11-00A0C91BC942}") = "Ex4_04", "Ex4_04\Ex4_04.vcxproj", "{6B2C6F59-B1C1-4942-B2C9-13F4072FA8FD}"
EndProject
Project("{8BC9CEB8-8B4A-11D0-8D11-00A0C91BC942}") = "Ex4_05", "Ex4_05\Ex4_05.vcxproj", "{B5D06B1D-1FB3-4702-852F-6324481D866F}"
EndProject
Project("{8BC9CEB8-8B4A-11D0-8D11-00A0C91BC942}") = "Ex4_06", "Ex4_06\Ex4_06.vcxproj", "{7748713B-6554-4193-84D9-E6EB929D6F2D}"
EndProject
Project("{8BC9CEB8-8B4A-11D0-8D11-00A0C91BC942}") = "Ex4_07", "Ex4_07\Ex4_07.vcxproj", "{C257E996-586D-493F-A404-A40D08BF1F59}"
EndProject
Project("{8BC9CEB8-8B4A-11D0-8D11-00A0C91BC942}") = "Ex4_08", "Ex4_08\Ex4_08.vcxproj", "{BCED3212-B699-4176-9267-B90C193E5B20}"
EndProject
Project("{8BC9CEB8-8B4A-11D0-8D11-00A0C91BC942}") = "Ex4_09", "Ex4_09\Ex4_09.vcxproj", "{E0364EF9-C728-4216-8DD0-E8C9055B30D6}"
EndProject
Project("{8BC9CEB8-8B4A-11D0-8D11-00A0C91BC942}") = "Ex4_10", "Ex4_10\Ex4_10.vcxproj", "{10B46379-31CD-496B-B03E-AE903C5DE676}"
EndProject
Project("{8BC9CEB8-8B4A-11D0-8D11-00A0C91BC942}") = "Ex4_11", "Ex4_11\Ex4_11.vcxproj", "{59B31241-EECD-4D2F-A933-3ED6C31E74F7}"
EndProject
Project("{8BC9CEB8-8B4A-11D0-8D11-00A0C91BC942}") = "Ex4_12", "Ex4_12\Ex4_12.vcxproj", "{B9EE5D57-31E7-416D-A54C-A4F2312EE483}"
EndProject
Project("{8BC9CEB8-8B4A-11D0-8D11-00A0C91BC942}") = "Ex4_13", "Ex4_13\Ex4_13.vcxproj", "{EEC89805-39E2-429F-A07E-71C8667E5B8D}"
EndProject
Project("{8BC9CEB8-8B4A-11D0-8D11-00A0C91BC942}") = "Ex4_14", "Ex4_14\Ex4_14.vcxproj", "{A843DA15-F072-4D76-990F-2E3AC060B583}"
EndProject
Project("{8BC9CEB8-8B4A-11D0-8D11-00A0C91BC942}") = "Ex4_15", "Ex4_15\Ex4_15.vcxproj", "{497A8569-7E41-4A69-8598-582079BD5672}"
EndProject
Project("{8BC9CEB8-8B4A-11D0-8D11-00A0C91BC942}") = "Ex4_16", "Ex4_16\Ex4_16.vcxproj", "{5CF297F6-5CEC-4B61-A651-8A104FE2611B}"
EndProject
Project("{8BC9CEB8-8B4A-11D0-8D11-00A0C91BC942}") = "Ex4_17", "Ex4_17\Ex4_17.vcxproj", "{325C5784-9BE5-4784-A265-89ACB80E61DF}"
EndProject
Project("{8BC9CEB8-8B4A-11D0-8D11-00A0C91BC942}") = "Ex4_18", "Ex4_18\Ex4_18.vcxproj", "{6084BF53-54E9-4007-9D41-69D2C0E514D6}"
EndProject
Project("{8BC9CEB8-8B4A-11D0-8D11-00A0C91BC942}") = "Ex4_19", "Ex4_19\Ex4_19.vcxproj", "{F059D9B3-43F2-49B7-A422-7DA787D65899}"
EndProject
Project("{8BC9CEB8-8B4A-11D0-8D11-00A0C91BC942}") = "Ex4_20", "Ex4_20\Ex4_20.vcxproj", "{61CE0B62-83F4-43C2-94F0-98C9DC9CCC84}"
EndProject
Project("{2150E333-8FDC-42A3-9474-1A3956D46DE8}") = "Chapter_5", "Chapter_5", "{D6F1084E-341D-4616-91EA-84BD29D2D5C8}"
EndProject
Project("{8BC9CEB8-8B4A-11D0-8D11-00A0C91BC942}") = "Ex5_01", "Ex5_01\Ex5_01.vcxproj", "{46B09475-B023-460E-B563-00A8A2E9D6A8}"
EndProject
Project("{8BC9CEB8-8B4A-11D0-8D11-00A0C91BC942}") = "Ex5_02", "Ex5_02\Ex5_02.vcxproj", "{9D34B2B9-7052-4266-AD2F-0F40FEB968C8}"
EndProject
Project("{8BC9CEB8-8B4A-11D0-8D11-00A0C91BC942}") = "Ex5_03", "Ex5_03\Ex5_03.vcxproj", "{7838F211-C2C2-4BE6-9298-A2206C33B2B4}"
EndProject
Project("{8BC9CEB8-8B4A-11D0-8D11-00A0C91BC942}") = "Ex5_04", "Ex5_04\Ex5_04.vcxproj", "{4DBE4CF4-3DD8-419C-995A-10F52257E726}"
EndProject
Project("{8BC9CEB8-8B4A-11D0-8D11-00A0C91BC942}") = "Ex5_05", "Ex5_05\Ex5_05.vcxproj", "{54546B48-F786-4FBC-8660-8DC8237BF79B}"
EndProject
Project("{8BC9CEB8-8B4A-11D0-8D11-00A0C91BC942}") = "Ex5_06", "Ex5_06\Ex5_06.vcxproj", "{31A59E07-EEF7-444B-826D-AC199EACE09D}"
EndProject
Project("{8BC9CEB8-8B4A-11D0-8D11-00A0C91BC942}") = "Ex5_07", "Ex5_07\Ex5_07.vcxproj", "{39C4E34A-9DC9-4139-8739-95FF9E55D692}"
EndProject
Project("{8BC9CEB8-8B4A-11D0-8D11-00A0C91BC942}") = "Ex5_08", "Ex5_08\Ex5_08.vcxproj", "{CB460653-EBF9-4D65-A029-29320457BDFD}"
EndProject
Project("{8BC9CEB8-8B4A-11D0-8D11-00A0C91BC942}") = "Ex5_09", "Ex5_09\Ex5_09.vcxproj", "{EE45D376-B8F3-49DF-95DA-8B69E2882BF2}"
EndProject
Project("{8BC9CEB8-8B4A-11D0-8D11-00A0C91BC942}") = "Ex5_10", "Ex5_10\Ex5_10.vcxproj", "{CEB6040B-0691-4138-8C8C-9EE50E1624C3}"
EndProject
Project("{8BC9CEB8-8B4A-11D0-8D11-00A0C91BC942}") = "Ex5_11", "Ex5_11\Ex5_11.vcxproj", "{CAB5E14E-220D-4806-A545-BE3B290A6376}"
EndProject
Project("{8BC9CEB8-8B4A-11D0-8D11-00A0C91BC942}") = "Ex5_12", "Ex5_12\Ex5_12.vcxproj", "{E2CEB9FE-0134-4136-9A73-F1DD3E3AC2A6}"
EndProject
Project("{8BC9CEB8-8B4A-11D0-8D11-00A0C91BC942}") = "Ex5_13", "Ex5_13\Ex5_13.vcxproj", "{AB261DDE-92FE-4BE5-BD4A-3F0BFC420E55}"
EndProject
Project("{8BC9CEB8-8B4A-11D0-8D11-00A0C91BC942}") = "Ex5_14", "Ex5_14\Ex5_14.vcxproj", "{58CA5383-AD09-465C-9A2C-56AF070B26B1}"
EndProject
Project("{8BC9CEB8-8B4A-11D0-8D11-00A0C91BC942}") = "Ex5_15", "Ex5_15\Ex5_15.vcxproj", "{86E07DCD-6E7D-4CC1-96EC-59F7E8571DCA}"
EndProject
Project("{8BC9CEB8-8B4A-11D0-8D11-00A0C91BC942}") = "Ex5_16", "Ex5_16\Ex5_16.vcxproj", "{F0B8915C-430F-4C55-ADF8-0844B04EE792}"
EndProject
Project("{8BC9CEB8-8B4A-11D0-8D11-00A0C91BC942}") = "Ex5_17", "Ex5_17\Ex5_17.vcxproj", "{B8A68975-CBC5-46E6-A921-90C5F56AA8BF}"
EndProject
Project("{2150E333-8FDC-42A3-9474-1A3956D46DE8}") = "Chapter_6", "Chapter_6", "{967AACBC-0CB4-4380-ADED-4BE7E9517BE9}"
EndProject
Project("{8BC9CEB8-8B4A-11D0-8D11-00A0C91BC942}") = "Ex6_01", "Ex6_01\Ex6_01.vcxproj", "{E553FCA5-2A2B-4942-936F-32E22A8C2163}"
EndProject
Project("{8BC9CEB8-8B4A-11D0-8D11-00A0C91BC942}") = "Ex6_02", "Ex6_02\Ex6_02.vcxproj", "{2209C04C-DBB5-47B8-99F4-B224AD2F7401}"
EndProject
Project("{8BC9CEB8-8B4A-11D0-8D11-00A0C91BC942}") = "Ex6_03", "Ex6_03\Ex6_03.vcxproj", "{9EE70C37-DDCB-4187-8AC1-7D5FA0CE0164}"
EndProject
Project("{8BC9CEB8-8B4A-11D0-8D11-00A0C91BC942}") = "Ex6_04", "Ex6_04\Ex6_04.vcxproj", "{BB6D91DD-A179-453A-A590-B90BEA782A40}"
EndProject
Project("{8BC9CEB8-8B4A-11D0-8D11-00A0C91BC942}") = "Ex6_05", "Ex6_05\Ex6_05.vcxproj", "{04C932FB-0FC7-4F6B-9133-FB61C68E2F17}"
EndProject
Project("{8BC9CEB8-8B4A-11D0-8D11-00A0C91BC942}") = "Ex6_06", "Ex6_06\Ex6_06.vcxproj", "{25BC1E80-F435-4CD9-AA20-C144F5CF100B}"
EndProject
Project("{8BC9CEB8-8B4A-11D0-8D11-00A0C91BC942}") = "Ex6_07", "Ex6_07\Ex6_07.vcxproj", "{41749AB3-F3CE-45F8-8914-9DA6795EC47F}"
EndProject
Project("{8BC9CEB8-8B4A-11D0-8D11-00A0C91BC942}") = "Ex6_08", "Ex6_08\Ex6_08.vcxproj", "{1FDA374F-D511-4501-9F08-C13C7C7C68A1}"
EndProject
Project("{8BC9CEB8-8B4A-11D0-8D11-00A0C91BC942}") = "Ex6_09", "Ex6_09\Ex6_09.vcxproj", "{79A0961C-E52E-4611-BE76-C65A939B358D}"
EndProject
Project("{8BC9CEB8-8B4A-11D0-8D11-00A0C91BC942}") = "Ex6_10", "Ex6_10\Ex6_10.vcxproj", "{384415C8-5BC9-4D36-A47B-A6977E2CFB28}"
EndProject
Project("{8BC9CEB8-8B4A-11D0-8D11-00A0C91BC942}") = "Ex6_11", "Ex6_11\Ex6_11.vcxproj", "{AF4B4CA5-0846-46A6-8530-8876D757B631}"
EndProject
Project("{8BC9CEB8-8B4A-11D0-8D11-00A0C91BC942}") = "Ex6_12", "Ex6_12\Ex6_12.vcxproj", "{1B5C9523-3931-4CC4-B33B-2F7F7FCB07DE}"
EndProject
Global
	GlobalSection(SolutionConfigurationPlatforms) = preSolution
		Debug|Win32 = Debug|Win32
		Release|Win32 = Release|Win32
	EndGlobalSection
	GlobalSection(ProjectConfigurationPlatforms) = postSolution
		{033F9DCE-E558-47AB-AE1B-771133DFED03}.Debug|Win32.ActiveCfg = Debug|Win32
		{033F9DCE-E558-47AB-AE1B-771133DFED03}.Debug|Win32.Build.0 = Debug|Win32
		{033F9DCE-E558-47AB-AE1B-771133DFED03}.Release|Win32.ActiveCfg = Release|Win32
		{033F9DCE-E558-47AB-AE1B-771133DFED03}.Release|Win32.Build.0 = Release|Win32
		{04C932FB-0FC7-4F6B-9133-FB61C68E2F17}.Debug|Win32.ActiveCfg = Debug|Win32
		{04C932FB-0FC7-4F6B-9133-FB61C68E2F17}.Debug|Win32.Build.0 = Debug|Win32
		{04C932FB-0FC7-4F6B-9133-FB61C68E2F17}.Release|Win32.ActiveCfg = Release|Win32
		{04C932FB-0FC7-4F6B-9133-FB61C68E2F17}.Release|Win32.Build.0 = Release|Win32
		{09FA82E9-310B-4824-B905-D112CC68B042}.Debug|Win32.ActiveCfg = Debug|Win32
		{09FA82E9-310B-4824-B905-D112CC68B042}.Debug|Win32.Build.0 = Debug|Win32
		{09FA82E9-310B-4824-B905-D112CC68B042}.Release|Win32.ActiveCfg = Release|Win32
		{09FA82E9-310B-4824-B905-D112CC68B042}.Release|Win32.Build.0 = Release|Win32
		{10B46379-31CD-496B-B03E-AE903C5DE676}.Debug|Win32.ActiveCfg = Debug|Win32
		{10B46379-31CD-496B-B03E-AE903C5DE676}.Debug|Win32.Build.0 = Debug|Win32
		{10B46379-31CD-496B-B03E-AE903C5DE676}.Release|Win32.ActiveCfg = Release|Win32
		{10B46379-31CD-496B-B03E-AE903C5DE676}.Release|Win32.Build.0 = Release|Win32
		{1704D17F-D492-40E6-AD34-FF162E1CF753}.Debug|Win32.ActiveCfg = Debug|Win32
		{1704D17F-D492-40E6-AD34-FF162E1CF753}.Debug|Win32.Build.0 = Debug|Win32
		{1704D17F-D492-40E6-AD34-FF162E1CF753}.Release|Win32.ActiveCfg = Release|Win32
		{1704D17F-D492-40E6-AD34-FF162E1CF753}.Release|Win32.Build.0 = Release|Win32
		{1B5C9523-3931-4CC4-B33B-2F7F7FCB07DE}.Debug|Win32.ActiveCfg = Debug|Win32
		{1B5C9523-3931-4CC4-B33B-2F7F7FCB07DE}.Debug|Win32.Build.0 = Debug|Win32
		{1B5C9523-3931-4CC4-B33B-2F7F7FCB07DE}.Release|Win32.ActiveCfg = Release|Win32
		{1B5C9523-3931-4CC4-B33B-2F7F7FCB07DE}.Release|Win32.Build.0 = Release|Win32
		{1EC7B553-0257-4699-8B3F-DB0532B46A4E}.Debug|Win32.ActiveCfg = Debug|Win32
		{1EC7B553-0257-4699-8B3F-DB0532B46A4E}.Debug|Win32.Build.0 = Debug|Win32
		{1EC7B553-0257-4699-8B3F-DB0532B46A4E}.Release|Win32.ActiveCfg = Release|Win32
		{1EC7B553-0257-4699-8B3F-DB0532B46A4E}.Release|Win32.Build.0 = Release|Win32
		{1FDA374F-D511-4501-9F08-C13C7C7C68A1}.Debug|Win32.ActiveCfg = Debug|Win32
		{1FDA374F-D511-4501-9F08-C13C7C7C68A1}.Debug|Win32.Build.0 = Debug|Win32
		{1FDA374F-D511-4501-9F08-C13C7C7C68A1}.Release|Win32.ActiveCfg = Release|Win32
		{1FDA374F-D511-4501-9F08-C13C7C7C68A1}.Release|Win32.Build.0 = Release|Win32
		{204C9043-3CDE-422E-9E55-3D9EBF23789F}.Debug|Win32.ActiveCfg = Debug|Win32
		{204C9043-3CDE-422E-9E55-3D9EBF23789F}.Debug|Win32.Build.0 = Debug|Win32
		{204C9043-3CDE-422E-9E55-3D9EBF23789F}.Release|Win32.ActiveCfg = Release|Win32
		{204C9043-3CDE-422E-9E55-3D9EBF23789F}.Release|Win32.Build.0 = Release|Win32
		{2209C04C-DBB5-47B8-99F4-B224AD2F7401}.Debug|Win32.ActiveCfg = Debug|Win32
		{2209C04C-DBB5-47B8-99F4-B224AD2F7401}.Debug|Win32.Build.0 = Debug|Win32
		{2209C04C-DBB5-47B8-99F4-B224AD2F7401}.Release|Win32.ActiveCfg = Release|Win32
		{2209C04C-DBB5-47B8-99F4-B224AD2F7401}.Release|Win32.Build.0 = Release|Win32
		{25BC1E80-F435-4CD9-AA20-C144F5CF100B}.Debug|Win32.ActiveCfg = Debug|Win32
		{25BC1E80-F435-4CD9-AA20-C144F5CF100B}.Debug|Win32.Build.0 = Debug|Win32
		{25BC1E80-F435-4CD9-AA20-C144F5CF100B}.Release|Win32.ActiveCfg = Release|Win32
		{25BC1E80-F435-4CD9-AA20-C144F5CF100B}.Release|Win32.Build.0 = Release|Win32
		{2E0BD264-8C64-4548-8E3A-066D7ABF0E10}.Debug|Win32.ActiveCfg = Debug|Win32
		{2E0BD264-8C64-4548-8E3A-066D7ABF0E10}.Debug|Win32.Build.0 = Debug|Win32
		{2E0BD264-8C64-4548-8E3A-066D7ABF0E10}.Release|Win32.ActiveCfg = Release|Win32
		{2E0BD264-8C64-4548-8E3A-066D7ABF0E10}.Release|Win32.Build.0 = Release|Win32
		{2E177A47-8C9F-4D8E-8538-8C90B8B2D1CB}.Debug|Win32.ActiveCfg = Debug|Win32
		{2E177A47-8C9F-4D8E-8538-8C90B8B2D1CB}.Debug|Win32.Build.0 = Debug|Win32
		{2E177A47-8C9F-4D8E-8538-8C90B8B2D1CB}.Release|Win32.ActiveCfg = Release|Win32
		{2E177A47-8C9F-4D8E-8538-8C90B8B2D1CB}.Release|Win32.Build.0 = Release|Win32
		{2F57A713-99C3-400A-B0C4-460F1B21EB56}.Debug|Win32.ActiveCfg = Debug|Win32
		{2F57A713-99C3-400A-B0C4-460F1B21EB56}.Debug|Win32.Build.0 = Debug|Win32
		{2F57A713-99C3-400A-B0C4-460F1B21EB56}.Release|Win32.ActiveCfg = Release|Win32
		{2F57A713-99C3-400A-B0C4-460F1B21EB56}.Release|Win32.Build.0 = Release|Win32
		{31A59E07-EEF7-444B-826D-AC199EACE09D}.Debug|Win32.ActiveCfg = Debug|Win32
		{31A59E07-EEF7-444B-826D-AC199EACE09D}.Debug|Win32.Build.0 = Debug|Win32
		{31A59E07-EEF7-444B-826D-AC199EACE09D}.Release|Win32.ActiveCfg = Release|Win32
		{31A59E07-EEF7-444B-826D-AC199EACE09D}.Release|Win32.Build.0 = Release|Win32
		{325C5784-9BE5-4784-A265-89ACB80E61DF}.Debug|Win32.ActiveCfg = Debug|Win32
		{325C5784-9BE5-4784-A265-89ACB80E61DF}.Debug|Win32.Build.0 = Debug|Win32
		{325C5784-9BE5-4784-A265-89ACB80E61DF}.Release|Win32.ActiveCfg = Release|Win32
		{325C5784-9BE5-4784-A265-89ACB80E61DF}.Release|Win32.Build.0 = Release|Win32
		{326E17AD-A8D1-4453-8B76-1E219B501931}.Debug|Win32.ActiveCfg = Debug|Win32
		{326E17AD-A8D1-4453-8B76-1E219B501931}.Debug|Win32.Build.0 = Debug|Win32
		{326E17AD-A8D1-4453-8B76-1E219B501931}.Release|Win32.ActiveCfg = Release|Win32
		{326E17AD-A8D1-4453-8B76-1E219B501931}.Release|Win32.Build.0 = Release|Win32
		{384415C8-5BC9-4D36-A47B-A6977E2CFB28}.Debug|Win32.ActiveCfg = Debug|Win32
		{384415C8-5BC9-4D36-A47B-A6977E2CFB28}.Debug|Win32.Build.0 = Debug|Win32
		{384415C8-5BC9-4D36-A47B-A6977E2CFB28}.Release|Win32.ActiveCfg = Release|Win32
		{384415C8-5BC9-4D36-A47B-A6977E2CFB28}.Release|Win32.Build.0 = Release|Win32
		{39C4E34A-9DC9-4139-8739-95FF9E55D692}.Debug|Win32.ActiveCfg = Debug|Win32
		{39C4E34A-9DC9-4139-8739-95FF9E55D692}.Debug|Win32.Build.0 = Debug|Win32
		{39C4E34A-9DC9-4139-8739-95FF9E55D692}.Release|Win32.ActiveCfg = Release|Win32
		{39C4E34A-9DC9-4139-8739-95FF9E55D692}.Release|Win32.Build.0 = Release|Win32
		{41749AB3-F3CE-45F8-8914-9DA6795EC47F}.Debug|Win32.ActiveCfg = Debug|Win32
		{41749AB3-F3CE-45F8-8914-9DA6795EC47F}.Debug|Win32.Build.0 = Debug|Win32
		{41749AB3-F3CE-45F8-8914-9DA6795EC47F}.Release|Win32.ActiveCfg = Release|Win32
		{41749AB3-F3CE-45F8-8914-9DA6795EC47F}.Release|Win32.Build.0 = Release|Win32
		{431A08D6-989C-4A5D-9EEA-F33417DBE4B6}.Debug|Win32.ActiveCfg = Debug|Win32
		{431A08D6-989C-4A5D-9EEA-F33417DBE4B6}.Debug|Win32.Build.0 = Debug|Win32
		{431A08D6-989C-4A5D-9EEA-F33417DBE4B6}.Release|Win32.ActiveCfg = Release|Win32
		{431A08D6-989C-4A5D-9EEA-F33417DBE4B6}.Release|Win32.Build.0 = Release|Win32
		{46B09475-B023-460E-B563-00A8A2E9D6A8}.Debug|Win32.ActiveCfg = Debug|Win32
		{46B09475-B023-460E-B563-00A8A2E9D6A8}.Debug|Win32.Build.0 = Debug|Win32
		{46B09475-B023-460E-B563-00A8A2E9D6A8}.Release|Win32.ActiveCfg = Release|Win32
		{46B09475-B023-460E-B563-00A8A2E9D6A8}.Release|Win32.Build.0 = Release|Win32
		{497A8569-7E41-4A69-8598-582079BD5672}.Debug|Win32.ActiveCfg = Debug|Win32
		{497A8569-7E41-4A69-8598-582079BD5672}.Debug|Win32.Build.0 = Debug|Win32
		{497A8569-7E41-4A69-8598-582079BD5672}.Release|Win32.ActiveCfg = Release|Win32
		{497A8569-7E41-4A69-8598-582079BD5672}.Release|Win32.Build.0 = Release|Win32
		{4DBE4CF4-3DD8-419C-995A-10F52257E726}.Debug|Win32.ActiveCfg = Debug|Win32
		{4DBE4CF4-3DD8-419C-995A-10F52257E726}.Debug|Win32.Build.0 = Debug|Win32
		{4DBE4CF4-3DD8-419C-995A-10F52257E726}.Release|Win32.ActiveCfg = Release|Win32
		{4DBE4CF4-3DD8-419C-995A-10F52257E726}.Release|Win32.Build.0 = Release|Win32
		{4DC7BB29-9D93-4CFC-9AED-593971E03657}.Debug|Win32.ActiveCfg = Debug|Win32
		{4DC7BB29-9D93-4CFC-9AED-593971E03657}.Debug|Win32.Build.0 = Debug|Win32
		{4DC7BB29-9D93-4CFC-9AED-593971E03657}.Release|Win32.ActiveCfg = Release|Win32
		{4DC7BB29-9D93-4CFC-9AED-593971E03657}.Release|Win32.Build.0 = Release|Win32
		{529C5BE5-3A46-40D9-95FF-D2E41188DD53}.Debug|Win32.ActiveCfg = Debug|Win32
		{529C5BE5-3A46-40D9-95FF-D2E41188DD53}.Debug|Win32.Build.0 = Debug|Win32
		{529C5BE5-3A46-40D9-95FF-D2E41188DD53}.Release|Win32.ActiveCfg = Release|Win32
		{529C5BE5-3A46-40D9-95FF-D2E41188DD53}.Release|Win32.Build.0 = Release|Win32
		{54546B48-F786-4FBC-8660-8DC8237BF79B}.Debug|Win32.ActiveCfg = Debug|Win32
		{54546B48-F786-4FBC-8660-8DC8237BF79B}.Debug|Win32.Build.0 = Debug|Win32
		{54546B48-F786-4FBC-8660-8DC8237BF79B}.Release|Win32.ActiveCfg = Release|Win32
		{54546B48-F786-4FBC-8660-8DC8237BF79B}.Release|Win32.Build.0 = Release|Win32
		{58CA5383-AD09-465C-9A2C-56AF070B26B1}.Debug|Win32.ActiveCfg = Debug|Win32
		{58CA5383-AD09-465C-9A2C-56AF070B26B1}.Debug|Win32.Build.0 = Debug|Win32
		{58CA5383-AD09-465C-9A2C-56AF070B26B1}.Release|Win32.ActiveCfg = Release|Win32
		{58CA5383-AD09-465C-9A2C-56AF070B26B1}.Release|Win32.Build.0 = Release|Win32
		{59B31241-EECD-4D2F-A933-3ED6C31E74F7}.Debug|Win32.ActiveCfg = Debug|Win32
		{59B31241-EECD-4D2F-A933-3ED6C31E74F7}.Debug|Win32.Build.0 = Debug|Win32
		{59B31241-EECD-4D2F-A933-3ED6C31E74F7}.Release|Win32.ActiveCfg = Release|Win32
		{59B31241-EECD-4D2F-A933-3ED6C31E74F7}.Release|Win32.Build.0 = Release|Win32
		{5CF297F6-5CEC-4B61-A651-8A104FE2611B}.Debug|Win32.ActiveCfg = Debug|Win32
		{5CF297F6-5CEC-4B61-A651-8A104FE2611B}.Debug|Win32.Build.0 = Debug|Win32
		{5CF297F6-5CEC-4B61-A651-8A104FE2611B}.Release|Win32.ActiveCfg = Release|Win32
		{5CF297F6-5CEC-4B61-A651-8A104FE2611B}.Release|Win32.Build.0 = Release|Win32
		{6084BF53-54E9-4007-9D41-69D2C0E514D6}.Debug|Win32.ActiveCfg = Debug|Win32
		{6084BF53-54E9-4007-9D41-69D2C0E514D6}.Debug|Win32.Build.0 = Debug|Win32
		{6084BF53-54E9-4007-9D41-69D2C0E514D6}.Release|Win32.ActiveCfg = Release|Win32
		{6084BF53-54E9-4007-9D41-69D2C0E514D6}.Release|Win32.Build.0 = Release|Win32
		{61CE0B62-83F4-43C2-94F0-98C9DC9CCC84}.Debug|Win32.ActiveCfg = Debug|Win32
		{61CE0B62-83F4-43C2-94F0-98C9DC9CCC84}.Debug|Win32.Build.0 = Debug|Win32
		{61CE0B62-83F4-43C2-94F0-98C9DC9CCC84}.Release|Win32.ActiveCfg = Release|Win32
		{61CE0B62-83F4-43C2-94F0-98C9DC9CCC84}.Release|Win32.Build.0 = Release|Win32
		{622BA2F2-7866-4BE2-975C-B248282AAE6C}.Debug|Win32.ActiveCfg = Debug|Win32
		{622BA2F2-7866-4BE2-975C-B248282AAE6C}.Debug|Win32.Build.0 = Debug|Win32
		{622BA2F2-7866-4BE2-975C-B248282AAE6C}.Release|Win32.ActiveCfg = Release|Win32
		{622BA2F2-7866-4BE2-975C-B248282AAE6C}.Release|Win32.Build.0 = Release|Win32
		{69DB5FB2-0223-46AE-91E2-1BFFF0007557}.Debug|Win32.ActiveCfg = Debug|Win32
		{69DB5FB2-0223-46AE-91E2-1BFFF0007557}.Debug|Win32.Build.0 = Debug|Win32
		{69DB5FB2-0223-46AE-91E2-1BFFF0007557}.Release|Win32.ActiveCfg = Release|Win32
		{69DB5FB2-0223-46AE-91E2-1BFFF0007557}.Release|Win32.Build.0 = Release|Win32
		{6B2C6F59-B1C1-4942-B2C9-13F4072FA8FD}.Debug|Win32.ActiveCfg = Debug|Win32
		{6B2C6F59-B1C1-4942-B2C9-13F4072FA8FD}.Debug|Win32.Build.0 = Debug|Win32
		{6B2C6F59-B1C1-4942-B2C9-13F4072FA8FD}.Release|Win32.ActiveCfg = Release|Win32
		{6B2C6F59-B1C1-4942-B2C9-13F4072FA8FD}.Release|Win32.Build.0 = Release|Win32
		{74913168-B7B5-4CAB-A490-66FA6D256AE2}.Debug|Win32.ActiveCfg = Debug|Win32
		{74913168-B7B5-4CAB-A490-66FA6D256AE2}.Debug|Win32.Build.0 = Debug|Win32
		{74913168-B7B5-4CAB-A490-66FA6D256AE2}.Release|Win32.ActiveCfg = Release|Win32
		{74913168-B7B5-4CAB-A490-66FA6D256AE2}.Release|Win32.Build.0 = Release|Win32
		{75862EBD-1794-4675-9BB0-BAEDF81E3BD5}.Debug|Win32.ActiveCfg = Debug|Win32
		{75862EBD-1794-4675-9BB0-BAEDF81E3BD5}.Debug|Win32.Build.0 = Debug|Win32
		{75862EBD-1794-4675-9BB0-BAEDF81E3BD5}.Release|Win32.ActiveCfg = Release|Win32
		{75862EBD-1794-4675-9BB0-BAEDF81E3BD5}.Release|Win32.Build.0 = Release|Win32
		{770914CF-093C-4582-B84F-F3341CDE0C6F}.Debug|Win32.ActiveCfg = Debug|Win32
		{770914CF-093C-4582-B84F-F3341CDE0C6F}.Debug|Win32.Build.0 = Debug|Win32
		{770914CF-093C-4582-B84F-F3341CDE0C6F}.Release|Win32.ActiveCfg = Release|Win32
		{770914CF-093C-4582-B84F-F3341CDE0C6F}.Release|Win32.Build.0 = Release|Win32
		{7748713B-6554-4193-84D9-E6EB929D6F2D}.Debug|Win32.ActiveCfg = Debug|Win32
		{7748713B-6554-4193-84D9-E6EB929D6F2D}.Debug|Win32.Build.0 = Debug|Win32
		{7748713B-6554-4193-84D9-E6EB929D6F2D}.Release|Win32.ActiveCfg = Release|Win32
		{7748713B-6554-4193-84D9-E6EB929D6F2D}.Release|Win32.Build.0 = Release|Win32
		{7838F211-C2C2-4BE6-9298-A2206C33B2B4}.Debug|Win32.ActiveCfg = Debug|Win32
		{7838F211-C2C2-4BE6-9298-A2206C33B2B4}.Debug|Win32.Build.0 = Debug|Win32
		{7838F211-C2C2-4BE6-9298-A2206C33B2B4}.Release|Win32.ActiveCfg = Release|Win32
		{7838F211-C2C2-4BE6-9298-A2206C33B2B4}.Release|Win32.Build.0 = Release|Win32
		{79A0961C-E52E-4611-BE76-C65A939B358D}.Debug|Win32.ActiveCfg = Debug|Win32
		{79A0961C-E52E-4611-BE76-C65A939B358D}.Debug|Win32.Build.0 = Debug|Win32
		{79A0961C-E52E-4611-BE76-C65A939B358D}.Release|Win32.ActiveCfg = Release|Win32
		{79A0961C-E52E-4611-BE76-C65A939B358D}.Release|Win32.Build.0 = Release|Win32
		{80FF13D4-802F-4E83-A48D-6EB1F013154B}.Debug|Win32.ActiveCfg = Debug|Win32
		{80FF13D4-802F-4E83-A48D-6EB1F013154B}.Debug|Win32.Build.0 = Debug|Win32
		{80FF13D4-802F-4E83-A48D-6EB1F013154B}.Release|Win32.ActiveCfg = Release|Win32
		{80FF13D4-802F-4E83-A48D-6EB1F013154B}.Release|Win32.Build.0 = Release|Win32
		{86E07DCD-6E7D-4CC1-96EC-59F7E8571DCA}.Debug|Win32.ActiveCfg = Debug|Win32
		{86E07DCD-6E7D-4CC1-96EC-59F7E8571DCA}.Debug|Win32.Build.0 = Debug|Win32
		{86E07DCD-6E7D-4CC1-96EC-59F7E8571DCA}.Release|Win32.ActiveCfg = Release|Win32
		{86E07DCD-6E7D-4CC1-96EC-59F7E8571DCA}.Release|Win32.Build.0 = Release|Win32
		{89ACC00F-59F5-4FE7-B0ED-2402B4F982B5}.Debug|Win32.ActiveCfg = Debug|Win32
		{89ACC00F-59F5-4FE7-B0ED-2402B4F982B5}.Debug|Win32.Build.0 = Debug|Win32
		{89ACC00F-59F5-4FE7-B0ED-2402B4F982B5}.Release|Win32.ActiveCfg = Release|Win32
		{89ACC00F-59F5-4FE7-B0ED-2402B4F982B5}.Release|Win32.Build.0 = Release|Win32
		{8E62170D-728A-4209-B08B-04DB2F9C664D}.Debug|Win32.ActiveCfg = Debug|Win32
		{8E62170D-728A-4209-B08B-04DB2F9C664D}.Debug|Win32.Build.0 = Debug|Win32
		{8E62170D-728A-4209-B08B-04DB2F9C664D}.Release|Win32.ActiveCfg = Release|Win32
		{8E62170D-728A-4209-B08B-04DB2F9C664D}.Release|Win32.Build.0 = Release|Win32
		{99752166-56BE-45B4-B542-0B27B904CFC2}.Debug|Win32.ActiveCfg = Debug|Win32
		{99752166-56BE-45B4-B542-0B27B904CFC2}.Debug|Win32.Build.0 = Debug|Win32
		{99752166-56BE-45B4-B542-0B27B904CFC2}.Release|Win32.ActiveCfg = Release|Win32
		{99752166-56BE-45B4-B542-0B27B904CFC2}.Release|Win32.Build.0 = Release|Win32
		{9A417A62-863B-4FD6-BBCC-CCC5341D584C}.Debug|Win32.ActiveCfg = Debug|Win32
		{9A417A62-863B-4FD6-BBCC-CCC5341D584C}.Debug|Win32.Build.0 = Debug|Win32
		{9A417A62-863B-4FD6-BBCC-CCC5341D584C}.Release|Win32.ActiveCfg = Release|Win32
		{9A417A62-863B-4FD6-BBCC-CCC5341D584C}.Release|Win32.Build.0 = Release|Win32
		{9D34B2B9-7052-4266-AD2F-0F40FEB968C8}.Debug|Win32.ActiveCfg = Debug|Win32
		{9D34B2B9-7052-4266-AD2F-0F40FEB968C8}.Debug|Win32.Build.0 = Debug|Win32
		{9D34B2B9-7052-4266-AD2F-0F40FEB968C8}.Release|Win32.ActiveCfg = Release|Win32
		{9D34B2B9-7052-4266-AD2F-0F40FEB968C8}.Release|Win32.Build.0 = Release|Win32
		{9EE70C37-DDCB-4187-8AC1-7D5FA0CE0164}.Debug|Win32.ActiveCfg = Debug|Win32
		{9EE70C37-DDCB-4187-8AC1-7D5FA0CE0164}.Debug|Win32.Build.0 = Debug|Win32
		{9EE70C37-DDCB-4187-8AC1-7D5FA0CE0164}.Release|Win32.ActiveCfg = Release|Win32
		{9EE70C37-DDCB-4187-8AC1-7D5FA0CE0164}.Release|Win32.Build.0 = Release|Win32
		{A3BF5B62-6AEA-4D3F-BAD4-73869C74E79E}.Debug|Win32.ActiveCfg = Debug|Win32
		{A3BF5B62-6AEA-4D3F-BAD4-73869C74E79E}.Debug|Win32.Build.0 = Debug|Win32
		{A3BF5B62-6AEA-4D3F-BAD4-73869C74E79E}.Release|Win32.ActiveCfg = Release|Win32
		{A3BF5B62-6AEA-4D3F-BAD4-73869C74E79E}.Release|Win32.Build.0 = Release|Win32
		{A56BD299-ED98-4434-A75D-310F074DBB53}.Debug|Win32.ActiveCfg = Debug|Win32
		{A56BD299-ED98-4434-A75D-310F074DBB53}.Debug|Win32.Build.0 = Debug|Win32
		{A56BD299-ED98-4434-A75D-310F074DBB53}.Release|Win32.ActiveCfg = Release|Win32
		{A56BD299-ED98-4434-A75D-310F074DBB53}.Release|Win32.Build.0 = Release|Win32
		{A843DA15-F072-4D76-990F-2E3AC060B583}.Debug|Win32.ActiveCfg = Debug|Win32
		{A843DA15-F072-4D76-990F-2E3AC060B583}.Debug|Win32.Build.0 = Debug|Win32
		{A843DA15-F072-4D76-990F-2E3AC060B583}.Release|Win32.ActiveCfg = Release|Win32
		{A843DA15-F072-4D76-990F-2E3AC060B583}.Release|Win32.Build.0 = Release|Win32
		{A8B7E510-577D-4546-ADF4-2136CF7130D0}.Debug|Win32.ActiveCfg = Debug|Win32
		{A8B7E510-577D-4546-ADF4-2136CF7130D0}.Debug|Win32.Build.0 = Debug|Win32
		{A8B7E510-577D-4546-ADF4-2136CF7130D0}.Release|Win32.ActiveCfg = Release|Win32
		{A8B7E510-577D-4546-ADF4-2136CF7130D0}.Release|Win32.Build.0 = Release|Win32
		{AB261DDE-92FE-4BE5-BD4A-3F0BFC420E55}.Debug|Win32.ActiveCfg = Debug|Win32
		{AB261DDE-92FE-4BE5-BD4A-3F0BFC420E55}.Debug|Win32.Build.0 = Debug|Win32
		{AB261DDE-92FE-4BE5-BD4A-3F0BFC420E55}.Release|Win32.ActiveCfg = Release|Win32
		{AB261DDE-92FE-4BE5-BD4A-3F0BFC420E55}.Release|Win32.Build.0 = Release|Win32
		{AF4B4CA5-0846-46A6-8530-8876D757B631}.Debug|Win32.ActiveCfg = Debug|Win32
		{AF4B4CA5-0846-46A6-8530-8876D757B631}.Debug|Win32.Build.0 = Debug|Win32
		{AF4B4CA5-0846-46A6-8530-8876D757B631}.Release|Win32.ActiveCfg = Release|Win32
		{AF4B4CA5-0846-46A6-8530-8876D757B631}.Release|Win32.Build.0 = Release|Win32
		{B194EB2A-7EDD-4015-9E28-FCE2FB36924A}.Debug|Win32.ActiveCfg = Debug|Win32
		{B194EB2A-7EDD-4015-9E28-FCE2FB36924A}.Debug|Win32.Build.0 = Debug|Win32
		{B194EB2A-7EDD-4015-9E28-FCE2FB36924A}.Release|Win32.ActiveCfg = Release|Win32
		{B194EB2A-7EDD-4015-9E28-FCE2FB36924A}.Release|Win32.Build.0 = Release|Win32
		{B5C74A28-AC48-43F8-9A7C-7E34E33C033F}.Debug|Win32.ActiveCfg = Debug|Win32
		{B5C74A28-AC48-43F8-9A7C-7E34E33C033F}.Debug|Win32.Build.0 = Debug|Win32
		{B5C74A28-AC48-43F8-9A7C-7E34E33C033F}.Release|Win32.ActiveCfg = Release|Win32
		{B5C74A28-AC48-43F8-9A7C-7E34E33C033F}.Release|Win32.Build.0 = Release|Win32
		{B5D06B1D-1FB3-4702-852F-6324481D866F}.Debug|Win32.ActiveCfg = Debug|Win32
		{B5D06B1D-1FB3-4702-852F-6324481D866F}.Debug|Win32.Build.0 = Debug|Win32
		{B5D06B1D-1FB3-4702-852F-6324481D866F}.Release|Win32.ActiveCfg = Release|Win32
		{B5D06B1D-1FB3-4702-852F-6324481D866F}.Release|Win32.Build.0 = Release|Win32
		{B8A68975-CBC5-46E6-A921-90C5F56AA8BF}.Debug|Win32.ActiveCfg = Debug|Win32
		{B8A68975-CBC5-46E6-A921-90C5F56AA8BF}.Debug|Win32.Build.0 = Debug|Win32
		{B8A68975-CBC5-46E6-A921-90C5F56AA8BF}.Release|Win32.ActiveCfg = Release|Win32
		{B8A68975-CBC5-46E6-A921-90C5F56AA8BF}.Release|Win32.Build.0 = Release|Win32
		{B9EE5D57-31E7-416D-A54C-A4F2312EE483}.Debug|Win32.ActiveCfg = Debug|Win32
		{B9EE5D57-31E7-416D-A54C-A4F2312EE483}.Debug|Win32.Build.0 = Debug|Win32
		{B9EE5D57-31E7-416D-A54C-A4F2312EE483}.Release|Win32.ActiveCfg = Release|Win32
		{B9EE5D57-31E7-416D-A54C-A4F2312EE483}.Release|Win32.Build.0 = Release|Win32
		{BB6D91DD-A179-453A-A590-B90BEA782A40}.Debug|Win32.ActiveCfg = Debug|Win32
		{BB6D91DD-A179-453A-A590-B90BEA782A40}.Debug|Win32.Build.0 = Debug|Win32
		{BB6D91DD-A179-453A-A590-B90BEA782A40}.Release|Win32.ActiveCfg = Release|Win32
		{BB6D91DD-A179-453A-A590-B90BEA782A40}.Release|Win32.Build.0 = Release|Win32
		{BCED3212-B699-4176-9267-B90C193E5B20}.Debug|Win32.ActiveCfg = Debug|Win32
		{BCED3212-B699-4176-9267-B90C193E5B20}.Debug|Win32.Build.0 = Debug|Win32
		{BCED3212-B699-4176-9267-B90C193E5B20}.Release|Win32.ActiveCfg = Release|Win32
		{BCED3212-B699-4176-9267-B90C193E5B20}.Release|Win32.Build.0 = Release|Win32
		{BE5254E8-77D1-440C-BABB-8AC2821DB023}.Debug|Win32.ActiveCfg = Debug|Win32
		{BE5254E8-77D1-440C-BABB-8AC2821DB023}.Debug|Win32.Build.0 = Debug|Win32
		{BE5254E8-77D1-440C-BABB-8AC2821DB023}.Release|Win32.ActiveCfg = Release|Win32
		{BE5254E8-77D1-440C-BABB-8AC2821DB023}.Release|Win32.Build.0 = Release|Win32
		{C257E996-586D-493F-A404-A40D08BF1F59}.Debug|Win32.ActiveCfg = Debug|Win32
		{C257E996-586D-493F-A404-A40D08BF1F59}.Debug|Win32.Build.0 = Debug|Win32
		{C257E996-586D-493F-A404-A40D08BF1F59}.Release|Win32.ActiveCfg = Release|Win32
		{C257E996-586D-493F-A404-A40D08BF1F59}.Release|Win32.Build.0 = Release|Win32
		{CAB5E14E-220D-4806-A545-BE3B290A6376}.Debug|Win32.ActiveCfg = Debug|Win32
		{CAB5E14E-220D-4806-A545-BE3B290A6376}.Debug|Win32.Build.0 = Debug|Win32
		{CAB5E14E-220D-4806-A545-BE3B290A6376}.Release|Win32.ActiveCfg = Release|Win32
		{CAB5E14E-220D-4806-A545-BE3B290A6376}.Release|Win32.Build.0 = Release|Win32
		{CB460653-EBF9-4D65-A029-29320457BDFD}.Debug|Win32.ActiveCfg = Debug|Win32
		{CB460653-EBF9-4D65-A029-29320457BDFD}.Debug|Win32.Build.0 = Debug|Win32
		{CB460653-EBF9-4D65-A029-29320457BDFD}.Release|Win32.ActiveCfg = Release|Win32
		{CB460653-EBF9-4D65-A029-29320457BDFD}.Release|Win32.Build.0 = Release|Win32
		{CEB6040B-0691-4138-8C8C-9EE50E1624C3}.Debug|Win32.ActiveCfg = Debug|Win32
		{CEB6040B-0691-4138-8C8C-9EE50E1624C3}.Debug|Win32.Build.0 = Debug|Win32
		{CEB6040B-0691-4138-8C8C-9EE50E1624C3}.Release|Win32.ActiveCfg = Release|Win32
		{CEB6040B-0691-4138-8C8C-9EE50E1624C3}.Release|Win32.Build.0 = Release|Win32
		{CF13EBC0-B37F-4F58-AE30-B695E537DFA7}.Debug|Win32.ActiveCfg = Debug|Win32
		{CF13EBC0-B37F-4F58-AE30-B695E537DFA7}.Debug|Win32.Build.0 = Debug|Win32
		{CF13EBC0-B37F-4F58-AE30-B695E537DFA7}.Release|Win32.ActiveCfg = Release|Win32
		{CF13EBC0-B37F-4F58-AE30-B695E537DFA7}.Release|Win32.Build.0 = Release|Win32
		{D191576E-E001-4954-B55D-3EB8B7E098CC}.Debug|Win32.ActiveCfg = Debug|Win32
		{D191576E-E001-4954-B55D-3EB8B7E098CC}.Debug|Win32.Build.0 = Debug|Win32
		{D191576E-E001-4954-B55D-3EB8B7E098CC}.Release|Win32.ActiveCfg = Release|Win32
		{D191576E-E001-4954-B55D-3EB8B7E098CC}.Release|Win32.Build.0 = Release|Win32
		{D4B70B78-D35E-4606-81D1-1CB4EA442996}.Debug|Win32.ActiveCfg = Debug|Win32
		{D4B70B78-D35E-4606-81D1-1CB4EA442996}.Debug|Win32.Build.0 = Debug|Win32
		{D4B70B78-D35E-4606-81D1-1CB4EA442996}.Release|Win32.ActiveCfg = Release|Win32
		{D4B70B78-D35E-4606-81D1-1CB4EA442996}.Release|Win32.Build.0 = Release|Win32
		{D94BC2AE-58B7-45D1-BDCF-8FE0D15B5AEE}.Debug|Win32.ActiveCfg = Debug|Win32
		{D94BC2AE-58B7-45D1-BDCF-8FE0D15B5AEE}.Debug|Win32.Build.0 = Debug|Win32
		{D94BC2AE-58B7-45D1-BDCF-8FE0D15B5AEE}.Release|Win32.ActiveCfg = Release|Win32
		{D94BC2AE-58B7-45D1-BDCF-8FE0D15B5AEE}.Release|Win32.Build.0 = Release|Win32
		{E0364EF9-C728-4216-8DD0-E8C9055B30D6}.Debug|Win32.ActiveCfg = Debug|Win32
		{E0364EF9-C728-4216-8DD0-E8C9055B30D6}.Debug|Win32.Build.0 = Debug|Win32
		{E0364EF9-C728-4216-8DD0-E8C9055B30D6}.Release|Win32.ActiveCfg = Release|Win32
		{E0364EF9-C728-4216-8DD0-E8C9055B30D6}.Release|Win32.Build.0 = Release|Win32
		{E2CEB9FE-0134-4136-9A73-F1DD3E3AC2A6}.Debug|Win32.ActiveCfg = Debug|Win32
		{E2CEB9FE-0134-4136-9A73-F1DD3E3AC2A6}.Debug|Win32.Build.0 = Debug|Win32
		{E2CEB9FE-0134-4136-9A73-F1DD3E3AC2A6}.Release|Win32.ActiveCfg = Release|Win32
		{E2CEB9FE-0134-4136-9A73-F1DD3E3AC2A6}.Release|Win32.Build.0 = Release|Win32
		{E381A8E3-3B2B-43FD-BB4C-476F0084675E}.Debug|Win32.ActiveCfg = Debug|Win32
		{E381A8E3-3B2B-43FD-BB4C-476F0084675E}.Debug|Win32.Build.0 = Debug|Win32
		{E381A8E3-3B2B-43FD-BB4C-476F0084675E}.Release|Win32.ActiveCfg = Release|Win32
		{E381A8E3-3B2B-43FD-BB4C-476F0084675E}.Release|Win32.Build.0 = Release|Win32
		{E553FCA5-2A2B-4942-936F-32E22A8C2163}.Debug|Win32.ActiveCfg = Debug|Win32
		{E553FCA5-2A2B-4942-936F-32E22A8C2163}.Debug|Win32.Build.0 = Debug|Win32
		{E553FCA5-2A2B-4942-936F-32E22A8C2163}.Release|Win32.ActiveCfg = Release|Win32
		{E553FCA5-2A2B-4942-936F-32E22A8C2163}.Release|Win32.Build.0 = Release|Win32
		{E5D5F4EF-BFE2-441A-BF79-68A43B7BF71E}.Debug|Win32.ActiveCfg = Debug|Win32
		{E5D5F4EF-BFE2-441A-BF79-68A43B7BF71E}.Debug|Win32.Build.0 = Debug|Win32
		{E5D5F4EF-BFE2-441A-BF79-68A43B7BF71E}.Release|Win32.ActiveCfg = Release|Win32
		{E5D5F4EF-BFE2-441A-BF79-68A43B7BF71E}.Release|Win32.Build.0 = Release|Win32
		{E7097BA1-20B1-484D-A028-15EFE6D782C5}.Debug|Win32.ActiveCfg = Debug|Win32
		{E7097BA1-20B1-484D-A028-15EFE6D782C5}.Debug|Win32.Build.0 = Debug|Win32
		{E7097BA1-20B1-484D-A028-15EFE6D782C5}.Release|Win32.ActiveCfg = Release|Win32
		{E7097BA1-20B1-484D-A028-15EFE6D782C5}.Release|Win32.Build.0 = Release|Win32
		{E85996FA-6EB6-4AAD-8C6A-2562A85D9B17}.Debug|Win32.ActiveCfg = Debug|Win32
		{E85996FA-6EB6-4AAD-8C6A-2562A85D9B17}.Debug|Win32.Build.0 = Debug|Win32
		{E85996FA-6EB6-4AAD-8C6A-2562A85D9B17}.Release|Win32.ActiveCfg = Release|Win32
		{E85996FA-6EB6-4AAD-8C6A-2562A85D9B17}.Release|Win32.Build.0 = Release|Win32
		{EE45D376-B8F3-49DF-95DA-8B69E2882BF2}.Debug|Win32.ActiveCfg = Debug|Win32
		{EE45D376-B8F3-49DF-95DA-8B69E2882BF2}.Debug|Win32.Build.0 = Debug|Win32
		{EE45D376-B8F3-49DF-95DA-8B69E2882BF2}.Release|Win32.ActiveCfg = Release|Win32
		{EE45D376-B8F3-49DF-95DA-8B69E2882BF2}.Release|Win32.Build.0 = Release|Win32
		{EEC89805-39E2-429F-A07E-71C8667E5B8D}.Debug|Win32.ActiveCfg = Debug|Win32
		{EEC89805-39E2-429F-A07E-71C8667E5B8D}.Debug|Win32.Build.0 = Debug|Win32
		{EEC89805-39E2-429F-A07E-71C8667E5B8D}.Release|Win32.ActiveCfg = Release|Win32
		{EEC89805-39E2-429F-A07E-71C8667E5B8D}.Release|Win32.Build.0 = Release|Win32
		{F059D9B3-43F2-49B7-A422-7DA787D65899}.Debug|Win32.ActiveCfg = Debug|Win32
		{F059D9B3-43F2-49B7-A422-7DA787D65899}.Debug|Win32.Build.0 = Debug|Win32
		{F059D9B3-43F2-49B7-A422-7DA787D65899}.Release|Win32.ActiveCfg = Release|Win32
		{F059D9B3-43F2-49B7-A422-7DA787D65899}.Release|Win32.Build.0 = Release|Win32
		{F0B8915C-430F-4C55-ADF8-0844B04EE792}.Debug|Win32.ActiveCfg = Debug|Win32
		{F0B8915C-430F-4C55-ADF8-0844B04EE792}.Debug|Win32.Build.0 = Debug|Win32
		{F0B8915C-430F-4C55-ADF8-0844B04EE792}.Release|Win32.ActiveCfg = Release|Win32
		{F0B8915C-430F-4C55-ADF8-0844B04EE792}.Release|Win32.Build.0 = Release|Win32
		{F39D1E71-06B7-4B6D-B8B4-319A3641BEA2}.Debug|Win32.ActiveCfg = Debug|Win32
		{F39D1E71-06B7-4B6D-B8B4-319A3641BEA2}.Debug|Win32.Build.0 = Debug|Win32
		{F39D1E71-06B7-4B6D-B8B4-319A3641BEA2}.Release|Win32.ActiveCfg = Release|Win32
		{F39D1E71-06B7-4B6D-B8B4-319A3641BEA2}.Release|Win32.Build.0 = Release|Win32
		{FC1EF35F-E1E2-4660-A2F7-D86A4BA1702E}.Debug|Win32.ActiveCfg = Debug|Win32
		{FC1EF35F-E1E2-4660-A2F7-D86A4BA1702E}.Debug|Win32.Build.0 = Debug|Win32
		{FC1EF35F-E1E2-4660-A2F7-D86A4BA1702E}.Release|Win32.ActiveCfg = Release|Win32
		{FC1EF35F-E1E2-4660-A2F7-D86A4BA1702E}.Release|Win32.Build.0 = Release|Win32
		{FE2937A5-A8B8-44D5-8657-BFD174C3188A}.Debug|Win32.ActiveCfg = Debug|Win32
		{FE2937A5-A8B8-44D5-8657-BFD174C3188A}.Debug|Win32.Build.0 = Debug|Win32
		{FE2937A5-A8B8-44D5-8657-BFD174C3188A}.Release|Win32.ActiveCfg = Release|Win32
		{FE2937A5-A8B8-44D5-8657-BFD174C3188A}.Release|Win32.Build.0 = Release|Win32
	EndGlobalSection
	GlobalSection(SolutionProperties) = preSolution
		HideSolutionNode = FALSE
	EndGlobalSection
	GlobalSection(NestedProjects) = preSolution
		{033F9DCE-E558-47AB-AE1B-771133DFED03} = {3E6A99B7-A829-4294-BDFD-B753DD366BCA}
		{04C932FB-0FC7-4F6B-9133-FB61C68E2F17} = {967AACBC-0CB4-4380-ADED-4BE7E9517BE9}
		{09FA82E9-310B-4824-B905-D112CC68B042} = {01F0B47A-57A9-4907-9BEF-7E2D03A30C16}
		{10B46379-31CD-496B-B03E-AE903C5DE676} = {3E6A99B7-A829-4294-BDFD-B753DD366BCA}
		{1704D17F-D492-40E6-AD34-FF162E1CF753} = {04A1B8D1-FB25-41BD-AC05-7D29D2E54FAF}
		{1B5C9523-3931-4CC4-B33B-2F7F7FCB07DE} = {967AACBC-0CB4-4380-ADED-4BE7E9517BE9}
		{1EC7B553-0257-4699-8B3F-DB0532B46A4E} = {04A1B8D1-FB25-41BD-AC05-7D29D2E54FAF}
		{1FDA374F-D511-4501-9F08-C13C7C7C68A1} = {967AACBC-0CB4-4380-ADED-4BE7E9517BE9}
		{204C9043-3CDE-422E-9E55-3D9EBF23789F} = {04A1B8D1-FB25-41BD-AC05-7D29D2E54FAF}
		{2209C04C-DBB5-47B8-99F4-B224AD2F7401} = {967AACBC-0CB4-4380-ADED-4BE7E9517BE9}
		{25BC1E80-F435-4CD9-AA20-C144F5CF100B} = {967AACBC-0CB4-4380-ADED-4BE7E9517BE9}
		{2E0BD264-8C64-4548-8E3A-066D7ABF0E10} = {0E90B3C2-F707-4A8B-9A8A-F9F43693F487}
		{2E177A47-8C9F-4D8E-8538-8C90B8B2D1CB} = {04A1B8D1-FB25-41BD-AC05-7D29D2E54FAF}
		{2F57A713-99C3-400A-B0C4-460F1B21EB56} = {01F0B47A-57A9-4907-9BEF-7E2D03A30C16}
		{31A59E07-EEF7-444B-826D-AC199EACE09D} = {D6F1084E-341D-4616-91EA-84BD29D2D5C8}
		{325C5784-9BE5-4784-A265-89ACB80E61DF} = {3E6A99B7-A829-4294-BDFD-B753DD366BCA}
		{326E17AD-A8D1-4453-8B76-1E219B501931} = {04A1B8D1-FB25-41BD-AC05-7D29D2E54FAF}
		{384415C8-5BC9-4D36-A47B-A6977E2CFB28} = {967AACBC-0CB4-4380-ADED-4BE7E9517BE9}
		{39C4E34A-9DC9-4139-8739-95FF9E55D692} = {D6F1084E-341D-4616-91EA-84BD29D2D5C8}
		{41749AB3-F3CE-45F8-8914-9DA6795EC47F} = {967AACBC-0CB4-4380-ADED-4BE7E9517BE9}
		{431A08D6-989C-4A5D-9EEA-F33417DBE4B6} = {04A1B8D1-FB25-41BD-AC05-7D29D2E54FAF}
		{46B09475-B023-460E-B563-00A8A2E9D6A8} = {D6F1084E-341D-4616-91EA-84BD29D2D5C8}
		{497A8569-7E41-4A69-8598-582079BD5672} = {3E6A99B7-A829-4294-BDFD-B753DD366BCA}
		{4DBE4CF4-3DD8-419C-995A-10F52257E726} = {D6F1084E-341D-4616-91EA-84BD29D2D5C8}
		{4DC7BB29-9D93-4CFC-9AED-593971E03657} = {01F0B47A-57A9-4907-9BEF-7E2D03A30C16}
		{529C5BE5-3A46-40D9-95FF-D2E41188DD53} = {0E90B3C2-F707-4A8B-9A8A-F9F43693F487}
		{54546B48-F786-4FBC-8660-8DC8237BF79B} = {D6F1084E-341D-4616-91EA-84BD29D2D5C8}
		{58CA5383-AD09-465C-9A2C-56AF070B26B1} = {D6F1084E-341D-4616-91EA-84BD29D2D5C8}
		{59B31241-EECD-4D2F-A933-3ED6C31E74F7} = {3E6A99B7-A829-4294-BDFD-B753DD366BCA}
		{5CF297F6-5CEC-4B61-A651-8A104FE2611B} = {3E6A99B7-A829-4294-BDFD-B753DD366BCA}
		{6084BF53-54E9-4007-9D41-69D2C0E514D6} = {3E6A99B7-A829-4294-BDFD-B753DD366BCA}
		{61CE0B62-83F4-43C2-94F0-98C9DC9CCC84} = {3E6A99B7-A829-4294-BDFD-B753DD366BCA}
		{622BA2F2-7866-4BE2-975C-B248282AAE6C} = {01F0B47A-57A9-4907-9BEF-7E2D03A30C16}
		{69DB5FB2-0223-46AE-91E2-1BFFF0007557} = {01F0B47A-57A9-4907-9BEF-7E2D03A30C16}
		{6B2C6F59-B1C1-4942-B2C9-13F4072FA8FD} = {3E6A99B7-A829-4294-BDFD-B753DD366BCA}
		{74913168-B7B5-4CAB-A490-66FA6D256AE2} = {01F0B47A-57A9-4907-9BEF-7E2D03A30C16}
		{75862EBD-1794-4675-9BB0-BAEDF81E3BD5} = {04A1B8D1-FB25-41BD-AC05-7D29D2E54FAF}
		{770914CF-093C-4582-B84F-F3341CDE0C6F} = {04A1B8D1-FB25-41BD-AC05-7D29D2E54FAF}
		{7748713B-6554-4193-84D9-E6EB929D6F2D} = {3E6A99B7-A829-4294-BDFD-B753DD366BCA}
		{7838F211-C2C2-4BE6-9298-A2206C33B2B4} = {D6F1084E-341D-4616-91EA-84BD29D2D5C8}
		{79A0961C-E52E-4611-BE76-C65A939B358D} = {967AACBC-0CB4-4380-ADED-4BE7E9517BE9}
		{80FF13D4-802F-4E83-A48D-6EB1F013154B} = {01F0B47A-57A9-4907-9BEF-7E2D03A30C16}
		{86E07DCD-6E7D-4CC1-96EC-59F7E8571DCA} = {D6F1084E-341D-4616-91EA-84BD29D2D5C8}
		{89ACC00F-59F5-4FE7-B0ED-2402B4F982B5} = {01F0B47A-57A9-4907-9BEF-7E2D03A30C16}
		{8E62170D-728A-4209-B08B-04DB2F9C664D} = {0E90B3C2-F707-4A8B-9A8A-F9F43693F487}
		{99752166-56BE-45B4-B542-0B27B904CFC2} = {3E6A99B7-A829-4294-BDFD-B753DD366BCA}
		{9A417A62-863B-4FD6-BBCC-CCC5341D584C} = {04A1B8D1-FB25-41BD-AC05-7D29D2E54FAF}
		{9D34B2B9-7052-4266-AD2F-0F40FEB968C8} = {D6F1084E-341D-4616-91EA-84BD29D2D5C8}
		{9EE70C37-DDCB-4187-8AC1-7D5FA0CE0164} = {967AACBC-0CB4-4380-ADED-4BE7E9517BE9}
		{A3BF5B62-6AEA-4D3F-BAD4-73869C74E79E} = {04A1B8D1-FB25-41BD-AC05-7D29D2E54FAF}
		{A56BD299-ED98-4434-A75D-310F074DBB53} = {04A1B8D1-FB25-41BD-AC05-7D29D2E54FAF}
		{A843DA15-F072-4D76-990F-2E3AC060B583} = {3E6A99B7-A829-4294-BDFD-B753DD366BCA}
		{A8B7E510-577D-4546-ADF4-2136CF7130D0} = {0E90B3C2-F707-4A8B-9A8A-F9F43693F487}
		{AB261DDE-92FE-4BE5-BD4A-3F0BFC420E55} = {D6F1084E-341D-4616-91EA-84BD29D2D5C8}
		{AF4B4CA5-0846-46A6-8530-8876D757B631} = {967AACBC-0CB4-4380-ADED-4BE7E9517BE9}
		{B194EB2A-7EDD-4015-9E28-FCE2FB36924A} = {01F0B47A-57A9-4907-9BEF-7E2D03A30C16}
		{B5C74A28-AC48-43F8-9A7C-7E34E33C033F} = {04A1B8D1-FB25-41BD-AC05-7D29D2E54FAF}
		{B5D06B1D-1FB3-4702-852F-6324481D866F} = {3E6A99B7-A829-4294-BDFD-B753DD366BCA}
		{B8A68975-CBC5-46E6-A921-90C5F56AA8BF} = {D6F1084E-341D-4616-91EA-84BD29D2D5C8}
		{B9EE5D57-31E7-416D-A54C-A4F2312EE483} = {3E6A99B7-A829-4294-BDFD-B753DD366BCA}
		{BB6D91DD-A179-453A-A590-B90BEA782A40} = {967AACBC-0CB4-4380-ADED-4BE7E9517BE9}
		{BCED3212-B699-4176-9267-B90C193E5B20} = {3E6A99B7-A829-4294-BDFD-B753DD366BCA}
		{BE5254E8-77D1-440C-BABB-8AC2821DB023} = {04A1B8D1-FB25-41BD-AC05-7D29D2E54FAF}
		{C257E996-586D-493F-A404-A40D08BF1F59} = {3E6A99B7-A829-4294-BDFD-B753DD366BCA}
		{CAB5E14E-220D-4806-A545-BE3B290A6376} = {D6F1084E-341D-4616-91EA-84BD29D2D5C8}
		{CB460653-EBF9-4D65-A029-29320457BDFD} = {D6F1084E-341D-4616-91EA-84BD29D2D5C8}
		{CEB6040B-0691-4138-8C8C-9EE50E1624C3} = {D6F1084E-341D-4616-91EA-84BD29D2D5C8}
		{CF13EBC0-B37F-4F58-AE30-B695E537DFA7} = {04A1B8D1-FB25-41BD-AC05-7D29D2E54FAF}
		{D191576E-E001-4954-B55D-3EB8B7E098CC} = {04A1B8D1-FB25-41BD-AC05-7D29D2E54FAF}
		{D4B70B78-D35E-4606-81D1-1CB4EA442996} = {01F0B47A-57A9-4907-9BEF-7E2D03A30C16}
		{D94BC2AE-58B7-45D1-BDCF-8FE0D15B5AEE} = {01F0B47A-57A9-4907-9BEF-7E2D03A30C16}
		{E0364EF9-C728-4216-8DD0-E8C9055B30D6} = {3E6A99B7-A829-4294-BDFD-B753DD366BCA}
		{E2CEB9FE-0134-4136-9A73-F1DD3E3AC2A6} = {D6F1084E-341D-4616-91EA-84BD29D2D5C8}
		{E381A8E3-3B2B-43FD-BB4C-476F0084675E} = {01F0B47A-57A9-4907-9BEF-7E2D03A30C16}
		{E553FCA5-2A2B-4942-936F-32E22A8C2163} = {967AACBC-0CB4-4380-ADED-4BE7E9517BE9}
		{E5D5F4EF-BFE2-441A-BF79-68A43B7BF71E} = {0E90B3C2-F707-4A8B-9A8A-F9F43693F487}
		{E7097BA1-20B1-484D-A028-15EFE6D782C5} = {01F0B47A-57A9-4907-9BEF-7E2D03A30C16}
		{E85996FA-6EB6-4AAD-8C6A-2562A85D9B17} = {04A1B8D1-FB25-41BD-AC05-7D29D2E54FAF}
		{EE45D376-B8F3-49DF-95DA-8B69E2882BF2} = {D6F1084E-341D-4616-91EA-84BD29D2D5C8}
		{EEC89805-39E2-429F-A07E-71C8667E5B8D} = {3E6A99B7-A829-4294-BDFD-B753DD366BCA}
		{F059D9B3-43F2-49B7-A422-7DA787D65899} = {3E6A99B7-A829-4294-BDFD-B753DD366BCA}
		{F0B8915C-430F-4C55-ADF8-0844B04EE792} = {D6F1084E-341D-4616-91EA-84BD29D2D5C8}
		{F39D1E71-06B7-4B6D-B8B4-319A3641BEA2} = {3E6A99B7-A829-4294-BDFD-B753DD366BCA}
		{FC1EF35F-E1E2-4660-A2F7-D86A4BA1702E} = {04A1B8D1-FB25-41BD-AC05-7D29D2E54FAF}
		{FE2937A5-A8B8-44D5-8657-BFD174C3188A} = {01F0B47A-57A9-4907-9BEF-7E2D03A30C16}
	EndGlobalSection
EndGlobal
